<?xml version="1.0" encoding="utf-8"?>
<Project ToolsVersion="4.0" xmlns="http://schemas.microsoft.com/developer/msbuild/2003">
  <ItemGroup>
    <Filter Include="Source Files">
      <UniqueIdentifier>{aa510f1d-89e3-4fe4-8e37-c8eb5120eaa4}</UniqueIdentifier>
      <Extensions>.c;.cpp</Extensions>
    </Filter>
    <Filter Include="Header Files">
      <UniqueIdentifier>{c4126196-ef0f-40c4-89ce-f450241754fc}</UniqueIdentifier>
      <Extensions>.h</Extensions>
    </Filter>
    <Filter Include="Resource Files">
      <UniqueIdentifier>{6e93102e-32b8-4678-a384-1bb54e1e34ce}</UniqueIdentifier>
      <Extensions>.rc;.mc;.mof</Extensions>
    </Filter>
  </ItemGroup>
  <ItemGroup>
    <ClCompile Include="adapter.cpp">
      <Filter>Source Files</Filter>
    </ClCompile>
    <ClCompile Include="drentry.cpp">
      <Filter>Source Files</Filter>
    </ClCompile>
    <ClCompile Include="guids.cpp">
      <Filter>Source Files</Filter>
    </ClCompile>
    <ClCompile Include="mcu.c">
      <Filter>Source Files</Filter>
    </ClCompile>
    <ClCompile Include="mintopo.cpp">
      <Filter>Source Files</Filter>
    </ClCompile>
    <ClCompile Include="minwave.cpp">
      <Filter>Source Files</Filter>
    </ClCompile>
  </ItemGroup>
  <ItemGroup>
    <ClInclude Include="adapter.h">
      <Filter>Header Files</Filter>
    </ClInclude>
    <ClInclude Include="config.h">
      <Filter>Header Files</Filter>
    </ClInclude>
    <ClInclude Include="DmaChannelBuffer.h">
      <Filter>Header Files</Filter>
    </ClInclude>
    <ClInclude Include="eeprom.h">
      <Filter>Header Files</Filter>
    </ClInclude>
    <ClInclude Include="function.h">
      <Filter>Header Files</Filter>
    </ClInclude>
    <ClInclude Include="iadaptersolo.h">
      <Filter>Header Files</Filter>
    </ClInclude>
    <ClInclude Include="ice.h">
      <Filter>Header Files</Filter>
    </ClInclude>
    <ClInclude Include="mcu.h">
      <Filter>Header Files</Filter>
    </ClInclude>
    <ClInclude Include="mintopo.h">
      <Filter>Header Files</Filter>
    </ClInclude>
    <ClInclude Include="minwave.h">
      <Filter>Header Files</Filter>
    </ClInclude>
    <ClInclude Include="SoloDriver.h">
      <Filter>Header Files</Filter>
    </ClInclude>
    <ClInclude Include="SoloWdmDevice.h">
      <Filter>Header Files</Filter>
    </ClInclude>
  </ItemGroup>
  <ItemGroup>
    <ResourceCompile Include="SSSolo.rc">
      <Filter>Resource Files</Filter>
    </ResourceCompile>
  </ItemGroup>
</Project>